
Microsoft Visual Studio Solution File, Format Version 12.00
# Visual Studio Version 17
VisualStudioVersion = 17.2.32616.157
MinimumVisualStudioVersion = 10.0.40219.1
Project("{FAE04EC0-301F-11D3-BF4B-00C04F79EFBC}") = "GoogleAuth.Server", "GoogleAuth\Server\GoogleAuth.Server.csproj", "{9F8ECED9-FA0A-4103-8D22-760871883085}"
EndProject
Project("{FAE04EC0-301F-11D3-BF4B-00C04F79EFBC}") = "GoogleAuth.Client", "GoogleAuth\Client\GoogleAuth.Client.csproj", "{1666EE43-153C-49A1-980F-4FD0ACC1930A}"
EndProject
Project("{FAE04EC0-301F-11D3-BF4B-00C04F79EFBC}") = "GoogleAuth.Shared", "GoogleAuth\Shared\GoogleAuth.Shared.csproj", "{C57DB947-EDCF-4589-8486-4BF9E896C2D5}"
EndProject
Global
	GlobalSection(SolutionConfigurationPlatforms) = preSolution
		Debug|Any CPU = Debug|Any CPU
		Release|Any CPU = Release|Any CPU
	EndGlobalSection
	GlobalSection(ProjectConfigurationPlatforms) = postSolution
		{9F8ECED9-FA0A-4103-8D22-760871883085}.Debug|Any CPU.ActiveCfg = Debug|Any CPU
		{9F8ECED9-FA0A-4103-8D22-760871883085}.Debug|Any CPU.Build.0 = Debug|Any CPU
		{9F8ECED9-FA0A-4103-8D22-760871883085}.Release|Any CPU.ActiveCfg = Release|Any CPU
		{9F8ECED9-FA0A-4103-8D22-760871883085}.Release|Any CPU.Build.0 = Release|Any CPU
		{1666EE43-153C-49A1-980F-4FD0ACC1930A}.Debug|Any CPU.ActiveCfg = Debug|Any CPU
		{1666EE43-153C-49A1-980F-4FD0ACC1930A}.Debug|Any CPU.Build.0 = Debug|Any CPU
		{1666EE43-153C-49A1-980F-4FD0ACC1930A}.Release|Any CPU.ActiveCfg = Release|Any CPU
		{1666EE43-153C-49A1-980F-4FD0ACC1930A}.Release|Any CPU.Build.0 = Release|Any CPU
		{C57DB947-EDCF-4589-8486-4BF9E896C2D5}.Debug|Any CPU.ActiveCfg = Debug|Any CPU
		{C57DB947-EDCF-4589-8486-4BF9E896C2D5}.Debug|Any CPU.Build.0 = Debug|Any CPU
		{C57DB947-EDCF-4589-8486-4BF9E896C2D5}.Release|Any CPU.ActiveCfg = Release|Any CPU
		{C57DB947-EDCF-4589-8486-4BF9E896C2D5}.Release|Any CPU.Build.0 = Release|Any CPU
	EndGlobalSection
	GlobalSection(SolutionProperties) = preSolution
		HideSolutionNode = FALSE
	EndGlobalSection
	GlobalSection(ExtensibilityGlobals) = postSolution
		SolutionGuid = {1083C5CE-D9A6-4B94-A924-1185B69E10E9}
	EndGlobalSection
EndGlobal
